// !$*UTF8*$!
{
	archiveVersion = 1;
	classes = {
	};
	objectVersion = 46;
	objects = {

/* Begin PBXBuildFile section */
		3C6F7A8D1D6AD334000EAC1A /* main.m in Sources */ = {isa = PBXBuildFile; fileRef = 3C6F7A8C1D6AD334000EAC1A /* main.m */; };
		3C6F7A901D6AD334000EAC1A /* AppDelegate.m in Sources */ = {isa = PBXBuildFile; fileRef = 3C6F7A8F1D6AD334000EAC1A /* AppDelegate.m */; };
		3C6F7A931D6AD334000EAC1A /* ViewController.m in Sources */ = {isa = PBXBuildFile; fileRef = 3C6F7A921D6AD334000EAC1A /* ViewController.m */; };
		3C6F7A961D6AD334000EAC1A /* Main.storyboard in Resources */ = {isa = PBXBuildFile; fileRef = 3C6F7A941D6AD334000EAC1A /* Main.storyboard */; };
		3C6F7A991D6AD334000EAC1A /* TestSorted.xcdatamodeld in Sources */ = {isa = PBXBuildFile; fileRef = 3C6F7A971D6AD334000EAC1A /* TestSorted.xcdatamodeld */; };
		3C6F7A9B1D6AD334000EAC1A /* Assets.xcassets in Resources */ = {isa = PBXBuildFile; fileRef = 3C6F7A9A1D6AD334000EAC1A /* Assets.xcassets */; };
		3C6F7A9E1D6AD334000EAC1A /* LaunchScreen.storyboard in Resources */ = {isa = PBXBuildFile; fileRef = 3C6F7A9C1D6AD334000EAC1A /* LaunchScreen.storyboard */; };
		3C6F7AA71D6AD347000EAC1A /* Person.m in Sources */ = {isa = PBXBuildFile; fileRef = 3C6F7AA61D6AD347000EAC1A /* Person.m */; };
/* End PBXBuildFile section */

/* Begin PBXFileReference section */
		3C6F7A881D6AD334000EAC1A /* TestSorted.app */ = {isa = PBXFileReference; explicitFileType = wrapper.application; includeInIndex = 0; path = TestSorted.app; sourceTree = BUILT_PRODUCTS_DIR; };
		3C6F7A8C1D6AD334000EAC1A /* main.m */ = {isa = PBXFileReference; lastKnownFileType = sourcecode.c.objc; path = main.m; sourceTree = "<group>"; };
		3C6F7A8E1D6AD334000EAC1A /* AppDelegate.h */ = {isa = PBXFileReference; lastKnownFileType = sourcecode.c.h; path = AppDelegate.h; sourceTree = "<group>"; };
		3C6F7A8F1D6AD334000EAC1A /* AppDelegate.m */ = {isa = PBXFileReference; lastKnownFileType = sourcecode.c.objc; path = AppDelegate.m; sourceTree = "<group>"; };
		3C6F7A911D6AD334000EAC1A /* ViewController.h */ = {isa = PBXFileReference; lastKnownFileType = sourcecode.c.h; path = ViewController.h; sourceTree = "<group>"; };
		3C6F7A921D6AD334000EAC1A /* ViewController.m */ = {isa = PBXFileReference; lastKnownFileType = sourcecode.c.objc; path = ViewController.m; sourceTree = "<group>"; };
		3C6F7A951D6AD334000EAC1A /* Base */ = {isa = PBXFileReference; lastKnownFileType = file.storyboard; name = Base; path = Base.lproj/Main.storyboard; sourceTree = "<group>"; };
		3C6F7A981D6AD334000EAC1A /* TestSorted.xcdatamodel */ = {isa = PBXFileReference; lastKnownFileType = wrapper.xcdatamodel; path = TestSorted.xcdatamodel; sourceTree = "<group>"; };
		3C6F7A9A1D6AD334000EAC1A /* Assets.xcassets */ = {isa = PBXFileReference; lastKnownFileType = folder.assetcatalog; path = Assets.xcassets; sourceTree = "<group>"; };
		3C6F7A9D1D6AD334000EAC1A /* Base */ = {isa = PBXFileReference; lastKnownFileType = file.storyboard; name = Base; path = Base.lproj/LaunchScreen.storyboard; sourceTree = "<group>"; };
		3C6F7A9F1D6AD334000EAC1A /* Info.plist */ = {isa = PBXFileReference; lastKnownFileType = text.plist.xml; path = Info.plist; sourceTree = "<group>"; };
		3C6F7AA51D6AD347000EAC1A /* Person.h */ = {isa = PBXFileReference; fileEncoding = 4; lastKnownFileType = sourcecode.c.h; path = Person.h; sourceTree = "<group>"; };
		3C6F7AA61D6AD347000EAC1A /* Person.m */ = {isa = PBXFileReference; fileEncoding = 4; lastKnownFileType = sourcecode.c.objc; path = Person.m; sourceTree = "<group>"; };
/* End PBXFileReference section */

/* Begin PBXFrameworksBuildPhase section */
		3C6F7A851D6AD334000EAC1A /* Frameworks */ = {
			isa = PBXFrameworksBuildPhase;
			buildActionMask = 2147483647;
			files = (
			);
			runOnlyForDeploymentPostprocessing = 0;
		};
/* End PBXFrameworksBuildPhase section */

/* Begin PBXGroup section */
		3C6F7A7F1D6AD334000EAC1A = {
			isa = PBXGroup;
			children = (
				3C6F7A8A1D6AD334000EAC1A /* TestSorted */,
				3C6F7A891D6AD334000EAC1A /* Products */,
			);
			sourceTree = "<group>";
		};
		3C6F7A891D6AD334000EAC1A /* Products */ = {
			isa = PBXGroup;
			children = (
				3C6F7A881D6AD334000EAC1A /* TestSorted.app */,
			);
			name = Products;
			sourceTree = "<group>";
		};
		3C6F7A8A1D6AD334000EAC1A /* TestSorted */ = {
			isa = PBXGroup;
			children = (
				3C6F7A8E1D6AD334000EAC1A /* AppDelegate.h */,
				3C6F7A8F1D6AD334000EAC1A /* AppDelegate.m */,
				3C6F7A911D6AD334000EAC1A /* ViewController.h */,
				3C6F7A921D6AD334000EAC1A /* ViewController.m */,
				3C6F7AA51D6AD347000EAC1A /* Person.h */,
				3C6F7AA61D6AD347000EAC1A /* Person.m */,
				3C6F7A941D6AD334000EAC1A /* Main.storyboard */,
				3C6F7A9A1D6AD334000EAC1A /* Assets.xcassets */,
				3C6F7A9C1D6AD334000EAC1A /* LaunchScreen.storyboard */,
				3C6F7A9F1D6AD334000EAC1A /* Info.plist */,
				3C6F7A971D6AD334000EAC1A /* TestSorted.xcdatamodeld */,
				3C6F7A8B1D6AD334000EAC1A /* Supporting Files */,
			);
			path = TestSorted;
			sourceTree = "<group>";
		};
		3C6F7A8B1D6AD334000EAC1A /* Supporting Files */ = {
			isa = PBXGroup;
			children = (
				3C6F7A8C1D6AD334000EAC1A /* main.m */,
			);
			name = "Supporting Files";
			sourceTree = "<group>";
		};
/* End PBXGroup section */

/* Begin PBXNativeTarget section */
		3C6F7A871D6AD334000EAC1A /* TestSorted */ = {
			isa = PBXNativeTarget;
			buildConfigurationList = 3C6F7AA21D6AD334000EAC1A /* Build configuration list for PBXNativeTarget "TestSorted" */;
			buildPhases = (
				3C6F7A841D6AD334000EAC1A /* Sources */,
				3C6F7A851D6AD334000EAC1A /* Frameworks */,
				3C6F7A861D6AD334000EAC1A /* Resources */,
			);
			buildRules = (
			);
			dependencies = (
			);
			name = TestSorted;
			productName = TestSorted;
			productReference = 3C6F7A881D6AD334000EAC1A /* TestSorted.app */;
			productType = "com.apple.product-type.application";
		};
/* End PBXNativeTarget section */

/* Begin PBXProject section */
		3C6F7A801D6AD334000EAC1A /* Project object */ = {
			isa = PBXProject;
			attributes = {
				LastUpgradeCheck = 0730;
				ORGANIZATIONNAME = zjb;
				TargetAttributes = {
					3C6F7A871D6AD334000EAC1A = {
						CreatedOnToolsVersion = 7.3;
					};
				};
			};
			buildConfigurationList = 3C6F7A831D6AD334000EAC1A /* Build configuration list for PBXProject "TestSorted" */;
			compatibilityVersion = "Xcode 3.2";
			developmentRegion = English;
			hasScannedForEncodings = 0;
			knownRegions = (
				en,
				Base,
			);
			mainGroup = 3C6F7A7F1D6AD334000EAC1A;
			productRefGroup = 3C6F7A891D6AD334000EAC1A /* Products */;
			projectDirPath = "";
			projectRoot = "";
			targets = (
				3C6F7A871D6AD334000EAC1A /* TestSorted */,
			);
		};
/* End PBXProject section */

/* Begin PBXResourcesBuildPhase section */
		3C6F7A861D6AD334000EAC1A /* Resources */ = {
			isa = PBXResourcesBuildPhase;
			buildActionMask = 2147483647;
			files = (
				3C6F7A9E1D6AD334000EAC1A /* LaunchScreen.storyboard in Resources */,
				3C6F7A9B1D6AD334000EAC1A /* Assets.xcassets in Resources */,
				3C6F7A961D6AD334000EAC1A /* Main.storyboard in Resources */,
			);
			runOnlyForDeploymentPostprocessing = 0;
		};
/* End PBXResourcesBuildPhase section */

/* Begin PBXSourcesBuildPhase section */
		3C6F7A841D6AD334000EAC1A /* Sources */ = {
			isa = PBXSourcesBuildPhase;
			buildActionMask = 2147483647;
			files = (
				3C6F7A991D6AD334000EAC1A /* TestSorted.xcdatamodeld in Sources */,
				3C6F7A931D6AD334000EAC1A /* ViewController.m in Sources */,
				3C6F7AA71D6AD347000EAC1A /* Person.m in Sources */,
				3C6F7A901D6AD334000EAC1A /* AppDelegate.m in Sources */,
				3C6F7A8D1D6AD334000EAC1A /* main.m in Sources */,
			);
			runOnlyForDeploymentPostprocessing = 0;
		};
/* End PBXSourcesBuildPhase section */

/* Begin PBXVariantGroup section */
		3C6F7A941D6AD334000EAC1A /* Main.storyboard */ = {
			isa = PBXVariantGroup;
			children = (
				3C6F7A951D6AD334000EAC1A /* Base */,
			);
			name = Main.storyboard;
			sourceTree = "<group>";
		};
		3C6F7A9C1D6AD334000EAC1A /* LaunchScreen.storyboard */ = {
			isa = PBXVariantGroup;
			children = (
				3C6F7A9D1D6AD334000EAC1A /* Base */,
			);
			name = LaunchScreen.storyboard;
			sourceTree = "<group>";
		};
/* End PBXVariantGroup section */

/* Begin XCBuildConfiguration section */
		3C6F7AA01D6AD334000EAC1A /* Debug */ = {
			isa = XCBuildConfiguration;
			buildSettings = {
				ALWAYS_SEARCH_USER_PATHS = NO;
				CLANG_ANALYZER_NONNULL = YES;
				CLANG_CXX_LANGUAGE_STANDARD = "gnu++0x";
				CLANG_CXX_LIBRARY = "libc++";
				CLANG_ENABLE_MODULES = YES;
				CLANG_ENABLE_OBJC_ARC = YES;
				CLANG_WARN_BOOL_CONVERSION = YES;
				CLANG_WARN_CONSTANT_CONVERSION = YES;
				CLANG_WARN_DIRECT_OBJC_ISA_USAGE = YES_ERROR;
				CLANG_WARN_EMPTY_BODY = YES;
				CLANG_WARN_ENUM_CONVERSION = YES;
				CLANG_WARN_INT_CONVERSION = YES;
				CLANG_WARN_OBJC_ROOT_CLASS = YES_ERROR;
				CLANG_WARN_UNREACHABLE_CODE = YES;
				CLANG_WARN__DUPLICATE_METHOD_MATCH = YES;
				"CODE_SIGN_IDENTITY[sdk=iphoneos*]" = "iPhone Developer";
				COPY_PHASE_STRIP = NO;
				DEBUG_INFORMATION_FORMAT = dwarf;
				ENABLE_STRICT_OBJC_MSGSEND = YES;
				ENABLE_TESTABILITY = YES;
				GCC_C_LANGUAGE_STANDARD = gnu99;
				GCC_DYNAMIC_NO_PIC = NO;
				GCC_NO_COMMON_BLOCKS = YES;
				GCC_OPTIMIZATION_LEVEL = 0;
				GCC_PREPROCESSOR_DEFINITIONS = (
					"DEBUG=1",
					"$(inherited)",
				);
				GCC_WARN_64_TO_32_BIT_CONVERSION = YES;
				GCC_WARN_ABOUT_RETURN_TYPE = YES_ERROR;
				GCC_WARN_UNDECLARED_SELECTOR = YES;
				GCC_WARN_UNINITIALIZED_AUTOS = YES_AGGRESSIVE;
				GCC_WARN_UNUSED_FUNCTION = YES;
				GCC_WARN_UNUSED_VARIABLE = YES;
				IPHONEOS_DEPLOYMENT_TARGET = 9.3;
				MTL_ENABLE_DEBUG_INFO = YES;
				ONLY_ACTIVE_ARCH = YES;
				SDKROOT = iphoneos;
			};
			name = Debug;
		};
		3C6F7AA11D6AD334000EAC1A /* Release */ = {
			isa = XCBuildConfiguration;
			buildSettings = {
				ALWAYS_SEARCH_USER_PATHS = NO;
				CLANG_ANALYZER_NONNULL = YES;
				CLANG_CXX_LANGUAGE_STANDARD = "gnu++0x";
				CLANG_CXX_LIBRARY = "libc++";
				CLANG_ENABLE_MODULES = YES;
				CLANG_ENABLE_OBJC_ARC = YES;
				CLANG_WARN_BOOL_CONVERSION = YES;
				CLANG_WARN_CONSTANT_CONVERSION = YES;
				CLANG_WARN_DIRECT_OBJC_ISA_USAGE = YES_ERROR;
				CLANG_WARN_EMPTY_BODY = YES;
				CLANG_WARN_ENUM_CONVERSION = YES;
				CLANG_WARN_INT_CONVERSION = YES;
				CLANG_WARN_OBJC_ROOT_CLASS = YES_ERROR;
				CLANG_WARN_UNREACHABLE_CODE = YES;
				CLANG_WARN__DUPLICATE_METHOD_MATCH = YES;
				"CODE_SIGN_IDENTITY[sdk=iphoneos*]" = "iPhone Developer";
				COPY_PHASE_STRIP = NO;
				DEBUG_INFORMATION_FORMAT = "dwarf-with-dsym";
				ENABLE_NS_ASSERTIONS = NO;
				ENABLE_STRICT_OBJC_MSGSEND = YES;
				GCC_C_LANGUAGE_STANDARD = gnu99;
				GCC_NO_COMMON_BLOCKS = YES;
				GCC_WARN_64_TO_32_BIT_CONVERSION = YES;
				GCC_WARN_ABOUT_RETURN_TYPE = YES_ERROR;
				GCC_WARN_UNDECLARED_SELECTOR = YES;
				GCC_WARN_UNINITIALIZED_AUTOS = YES_AGGRESSIVE;
				GCC_WARN_UNUSED_FUNCTION = YES;
				GCC_WARN_UNUSED_VARIABLE = YES;
				IPHONEOS_DEPLOYMENT_TARGET = 9.3;
				MTL_ENABLE_DEBUG_INFO = NO;
				SDKROOT = iphoneos;
				VALIDATE_PRODUCT = YES;
			};
			name = Release;
		};
		3C6F7AA31D6AD334000EAC1A /* Debug */ = {
			isa = XCBuildConfiguration;
			buildSettings = {
				ASSETCATALOG_COMPILER_APPICON_NAME = AppIcon;
				INFOPLIST_FILE = TestSorted/Info.plist;
				LD_RUNPATH_SEARCH_PATHS = "$(inherited) @executable_path/Frameworks";
				PRODUCT_BUNDLE_IDENTIFIER = com.zjb.TestSorted;
				PRODUCT_NAME = "$(TARGET_NAME)";
			};
			name = Debug;
		};
		3C6F7AA41D6AD334000EAC1A /* Release */ = {
			isa = XCBuildConfiguration;
			buildSettings = {
				ASSETCATALOG_COMPILER_APPICON_NAME = AppIcon;
				INFOPLIST_FILE = TestSorted/Info.plist;
				LD_RUNPATH_SEARCH_PATHS = "$(inherited) @executable_path/Frameworks";
				PRODUCT_BUNDLE_IDENTIFIER = com.zjb.TestSorted;
				PRODUCT_NAME = "$(TARGET_NAME)";
			};
			name = Release;
		};
/* End XCBuildConfiguration section */

/* Begin XCConfigurationList section */
		3C6F7A831D6AD334000EAC1A /* Build configuration list for PBXProject "TestSorted" */ = {
			isa = XCConfigurationList;
			buildConfigurations = (
				3C6F7AA01D6AD334000EAC1A /* Debug */,
				3C6F7AA11D6AD334000EAC1A /* Release */,
			);
			defaultConfigurationIsVisible = 0;
			defaultConfigurationName = Release;
		};
		3C6F7AA21D6AD334000EAC1A /* Build configuration list for PBXNativeTarget "TestSorted" */ = {
			isa = XCConfigurationList;
			buildConfigurations = (
				3C6F7AA31D6AD334000EAC1A /* Debug */,
				3C6F7AA41D6AD334000EAC1A /* Release */,
			);
			defaultConfigurationIsVisible = 0;
		};
/* End XCConfigurationList section */

/* Begin XCVersionGroup section */
		3C6F7A971D6AD334000EAC1A /* TestSorted.xcdatamodeld */ = {
			isa = XCVersionGroup;
			children = (
				3C6F7A981D6AD334000EAC1A /* TestSorted.xcdatamodel */,
			);
			currentVersion = 3C6F7A981D6AD334000EAC1A /* TestSorted.xcdatamodel */;
			path = TestSorted.xcdatamodeld;
			sourceTree = "<group>";
			versionGroupType = wrapper.xcdatamodel;
		};
/* End XCVersionGroup section */
	};
	rootObject = 3C6F7A801D6AD334000EAC1A /* Project object */;
}
